
Microsoft Visual Studio Solution File, Format Version 12.00
# Visual Studio Version 17
VisualStudioVersion = 17.2.32616.157
MinimumVisualStudioVersion = 10.0.40219.1
Project("{FAE04EC0-301F-11D3-BF4B-00C04F79EFBC}") = "vocabulator", "vocabulator\vocabulator.csproj", "{32297459-9F91-4274-B395-32D60823F6E7}"
EndProject
Global
	GlobalSection(SolutionConfigurationPlatforms) = preSolution
		Debug|Any CPU = Debug|Any CPU
		Release|Any CPU = Release|Any CPU
	EndGlobalSection
	GlobalSection(ProjectConfigurationPlatforms) = postSolution
		{32297459-9F91-4274-B395-32D60823F6E7}.Debug|Any CPU.ActiveCfg = Debug|Any CPU
		{32297459-9F91-4274-B395-32D60823F6E7}.Debug|Any CPU.Build.0 = Debug|Any CPU
		{32297459-9F91-4274-B395-32D60823F6E7}.Release|Any CPU.ActiveCfg = Release|Any CPU
		{32297459-9F91-4274-B395-32D60823F6E7}.Release|Any CPU.Build.0 = Release|Any CPU
	EndGlobalSection
	GlobalSection(SolutionProperties) = preSolution
		HideSolutionNode = FALSE
	EndGlobalSection
	GlobalSection(ExtensibilityGlobals) = postSolution
		SolutionGuid = {588A5196-F392-4EB7-A24C-E04A1DA49563}
	EndGlobalSection
EndGlobal
